version = 1
revision = 3
requires-python = ">=3.11"

[[package]]
name = "advent-of-code"
version = "1.0.0"
source = { editable = "." }
dependencies = [
    { name = "z3-solver" },
]

[package.dev-dependencies]
dev = [
    { name = "pytest" },
    { name = "ruff" },
    { name = "ty" },
]

[package.metadata]
requires-dist = [{ name = "z3-solver", specifier = ">=4.12.4" }]

[package.metadata.requires-dev]
dev = [
    { name = "pytest", specifier = ">=9.0.3" },
    { name = "ruff", specifier = ">=0.6.0" },
    { name = "ty" },
]

[[package]]
name = "colorama"
version = "0.4.6"
source = { registry = "https://pypi.org/simple" }
sdist = { url = "https://files.pythonhosted.org/packages/d8/53/6f443c9a4a8358a93a6792e2acffb9d9d5cb0a5cfd8802644b7b1c9a02e4/colorama-0.4.6.tar.gz", hash = "sha256:08695f5cb7ed6e0531a20572697297273c47b8cae5a63ffc6d6ed5c201be6e44", size = 27697, upload-time = "2022-10-25T02:36:22.414Z" }
wheels = [
    { url = "https://files.pythonhosted.org/packages/d1/d6/3965ed04c63042e047cb6a3e6ed1a63a35087b6a609aa3a15ed8ac56c221/colorama-0.4.6-py2.py3-none-any.whl", hash = "sha256:4f1d9991f5acc0ca119f9d443620b77f9d6b33703e51011c16baf57afb285fc6", size = 25335, upload-time = "2022-10-25T02:36:20.889Z" },
]

[[package]]
name = "iniconfig"
version = "2.3.0"
source = { registry = "https://pypi.org/simple" }
sdist = { url = "https://files.pythonhosted.org/packages/72/34/14ca021ce8e5dfedc35312d08ba8bf51fdd999c576889fc2c24cb97f4f10/iniconfig-2.3.0.tar.gz", hash = "sha256:c76315c77db068650d49c5b56314774a7804df16fee4402c1f19d6d15d8c4730", size = 20503, upload-time = "2025-10-18T21:55:43.219Z" }
wheels = [
    { url = "https://files.pythonhosted.org/packages/cb/b1/3846dd7f199d53cb17f49cba7e651e9ce294d8497c8c150530ed11865bb8/iniconfig-2.3.0-py3-none-any.whl", hash = "sha256:f631c04d2c48c52b84d0d0549c99ff3859c98df65b3101406327ecc7d53fbf12", size = 7484, upload-time = "2025-10-18T21:55:41.639Z" },
]

[[package]]
name = "packaging"
version = "25.0"
source = { registry = "https://pypi.org/simple" }
sdist = { url = "https://files.pythonhosted.org/packages/a1/d4/1fc4078c65507b51b96ca8f8c3ba19e6a61c8253c72794544580a7b6c24d/packaging-25.0.tar.gz", hash = "sha256:d443872c98d677bf60f6a1f2f8c1cb748e8fe762d2bf9d3148b5599295b0fc4f", size = 165727, upload-time = "2025-04-19T11:48:59.673Z" }
wheels = [
    { url = "https://files.pythonhosted.org/packages/20/12/38679034af332785aac8774540895e234f4d07f7545804097de4b666afd8/packaging-25.0-py3-none-any.whl", hash = "sha256:29572ef2b1f17581046b3a2227d5c611fb25ec70ca1ba8554b24b0e69331a484", size = 66469, upload-time = "2025-04-19T11:48:57.875Z" },
]

[[package]]
name = "pluggy"
version = "1.6.0"
source = { registry = "https://pypi.org/simple" }
sdist = { url = "https://files.pythonhosted.org/packages/f9/e2/3e91f31a7d2b083fe6ef3fa267035b518369d9511ffab804f839851d2779/pluggy-1.6.0.tar.gz", hash = "sha256:7dcc130b76258d33b90f61b658791dede3486c3e6bfb003ee5c9bfb396dd22f3", size = 69412, upload-time = "2025-05-15T12:30:07.975Z" }
wheels = [
    { url = "https://files.pythonhosted.org/packages/54/20/4d324d65cc6d9205fabedc306948156824eb9f0ee1633355a8f7ec5c66bf/pluggy-1.6.0-py3-none-any.whl", hash = "sha256:e920276dd6813095e9377c0bc5566d94c932c33b27a3e3945d8389c374dd4746", size = 20538, upload-time = "2025-05-15T12:30:06.134Z" },
]

[[package]]
name = "pygments"
version = "2.19.2"
source = { registry = "https://pypi.org/simple" }
sdist = { url = "https://files.pythonhosted.org/packages/b0/77/a5b8c569bf593b0140bde72ea885a803b82086995367bf2037de0159d924/pygments-2.19.2.tar.gz", hash = "sha256:636cb2477cec7f8952536970bc533bc43743542f70392ae026374600add5b887", size = 4968631, upload-time = "2025-06-21T13:39:12.283Z" }
wheels = [
    { url = "https://files.pythonhosted.org/packages/c7/21/705964c7812476f378728bdf590ca4b771ec72385c533964653c68e86bdc/pygments-2.19.2-py3-none-any.whl", hash = "sha256:86540386c03d588bb81d44bc3928634ff26449851e99741617ecb9037ee5ec0b", size = 1225217, upload-time = "2025-06-21T13:39:07.939Z" },
]

[[package]]
name = "pytest"
version = "9.0.3"
source = { registry = "https://pypi.org/simple" }
dependencies = [
    { name = "colorama", marker = "sys_platform == 'win32'" },
    { name = "iniconfig" },
    { name = "packaging" },
    { name = "pluggy" },
    { name = "pygments" },
]
sdist = { url = "https://files.pythonhosted.org/packages/7d/0d/549bd94f1a0a402dc8cf64563a117c0f3765662e2e668477624baeec44d5/pytest-9.0.3.tar.gz", hash = "sha256:b86ada508af81d19edeb213c681b1d48246c1a91d304c6c81a427674c17eb91c", size = 1572165, upload-time = "2026-04-07T17:16:18.027Z" }
wheels = [
    { url = "https://files.pythonhosted.org/packages/d4/24/a372aaf5c9b7208e7112038812994107bc65a84cd00e0354a88c2c77a617/pytest-9.0.3-py3-none-any.whl", hash = "sha256:2c5efc453d45394fdd706ade797c0a81091eccd1d6e4bccfcd476e2b8e0ab5d9", size = 375249, upload-time = "2026-04-07T17:16:16.13Z" },
]

[[package]]
name = "ruff"
version = "0.14.8"
source = { registry = "https://pypi.org/simple" }
sdist = { url = "https://files.pythonhosted.org/packages/ed/d9/f7a0c4b3a2bf2556cd5d99b05372c29980249ef71e8e32669ba77428c82c/ruff-0.14.8.tar.gz", hash = "sha256:774ed0dd87d6ce925e3b8496feb3a00ac564bea52b9feb551ecd17e0a23d1eed", size = 5765385, upload-time = "2025-12-04T15:06:17.669Z" }
wheels = [
    { url = "https://files.pythonhosted.org/packages/48/b8/9537b52010134b1d2b72870cc3f92d5fb759394094741b09ceccae183fbe/ruff-0.14.8-py3-none-linux_armv6l.whl", hash = "sha256:ec071e9c82eca417f6111fd39f7043acb53cd3fde9b1f95bbed745962e345afb", size = 13441540, upload-time = "2025-12-04T15:06:14.896Z" },
    { url = "https://files.pythonhosted.org/packages/24/00/99031684efb025829713682012b6dd37279b1f695ed1b01725f85fd94b38/ruff-0.14.8-py3-none-macosx_10_12_x86_64.whl", hash = "sha256:8cdb162a7159f4ca36ce980a18c43d8f036966e7f73f866ac8f493b75e0c27e9", size = 13669384, upload-time = "2025-12-04T15:06:51.809Z" },
    { url = "https://files.pythonhosted.org/packages/72/64/3eb5949169fc19c50c04f28ece2c189d3b6edd57e5b533649dae6ca484fe/ruff-0.14.8-py3-none-macosx_11_0_arm64.whl", hash = "sha256:2e2fcbefe91f9fad0916850edf0854530c15bd1926b6b779de47e9ab619ea38f", size = 12806917, upload-time = "2025-12-04T15:06:08.925Z" },
    { url = "https://files.pythonhosted.org/packages/c4/08/5250babb0b1b11910f470370ec0cbc67470231f7cdc033cee57d4976f941/ruff-0.14.8-py3-none-manylinux_2_17_aarch64.manylinux2014_aarch64.whl", hash = "sha256:a9d70721066a296f45786ec31916dc287b44040f553da21564de0ab4d45a869b", size = 13256112, upload-time = "2025-12-04T15:06:23.498Z" },
    { url = "https://files.pythonhosted.org/packages/78/4c/6c588e97a8e8c2d4b522c31a579e1df2b4d003eddfbe23d1f262b1a431ff/ruff-0.14.8-py3-none-manylinux_2_17_armv7l.manylinux2014_armv7l.whl", hash = "sha256:2c87e09b3cd9d126fc67a9ecd3b5b1d3ded2b9c7fce3f16e315346b9d05cfb52", size = 13227559, upload-time = "2025-12-04T15:06:33.432Z" },
    { url = "https://files.pythonhosted.org/packages/23/ce/5f78cea13eda8eceac71b5f6fa6e9223df9b87bb2c1891c166d1f0dce9f1/ruff-0.14.8-py3-none-manylinux_2_17_i686.manylinux2014_i686.whl", hash = "sha256:1d62cb310c4fbcb9ee4ac023fe17f984ae1e12b8a4a02e3d21489f9a2a5f730c", size = 13896379, upload-time = "2025-12-04T15:06:02.687Z" },
    { url = "https://files.pythonhosted.org/packages/cf/79/13de4517c4dadce9218a20035b21212a4c180e009507731f0d3b3f5df85a/ruff-0.14.8-py3-none-manylinux_2_17_ppc64.manylinux2014_ppc64.whl", hash = "sha256:1af35c2d62633d4da0521178e8a2641c636d2a7153da0bac1b30cfd4ccd91344", size = 15372786, upload-time = "2025-12-04T15:06:29.828Z" },
    { url = "https://files.pythonhosted.org/packages/00/06/33df72b3bb42be8a1c3815fd4fae83fa2945fc725a25d87ba3e42d1cc108/ruff-0.14.8-py3-none-manylinux_2_17_ppc64le.manylinux2014_ppc64le.whl", hash = "sha256:25add4575ffecc53d60eed3f24b1e934493631b48ebbc6ebaf9d8517924aca4b", size = 14990029, upload-time = "2025-12-04T15:06:36.812Z" },
    { url = "https://files.pythonhosted.org/packages/64/61/0f34927bd90925880394de0e081ce1afab66d7b3525336f5771dcf0cb46c/ruff-0.14.8-py3-none-manylinux_2_17_s390x.manylinux2014_s390x.whl", hash = "sha256:4c943d847b7f02f7db4201a0600ea7d244d8a404fbb639b439e987edcf2baf9a", size = 14407037, upload-time = "2025-12-04T15:06:39.979Z" },
    { url = "https://files.pythonhosted.org/packages/96/bc/058fe0aefc0fbf0d19614cb6d1a3e2c048f7dc77ca64957f33b12cfdc5ef/ruff-0.14.8-py3-none-manylinux_2_17_x86_64.manylinux2014_x86_64.whl", hash = "sha256:cb6e8bf7b4f627548daa1b69283dac5a296bfe9ce856703b03130732e20ddfe2", size = 14102390, upload-time = "2025-12-04T15:06:46.372Z" },
    { url = "https://files.pythonhosted.org/packages/af/a4/e4f77b02b804546f4c17e8b37a524c27012dd6ff05855d2243b49a7d3cb9/ruff-0.14.8-py3-none-manylinux_2_31_riscv64.whl", hash = "sha256:7aaf2974f378e6b01d1e257c6948207aec6a9b5ba53fab23d0182efb887a0e4a", size = 14230793, upload-time = "2025-12-04T15:06:20.497Z" },
    { url = "https://files.pythonhosted.org/packages/3f/52/bb8c02373f79552e8d087cedaffad76b8892033d2876c2498a2582f09dcf/ruff-0.14.8-py3-none-musllinux_1_2_aarch64.whl", hash = "sha256:e5758ca513c43ad8a4ef13f0f081f80f08008f410790f3611a21a92421ab045b", size = 13160039, upload-time = "2025-12-04T15:06:49.06Z" },
    { url = "https://files.pythonhosted.org/packages/1f/ad/b69d6962e477842e25c0b11622548df746290cc6d76f9e0f4ed7456c2c31/ruff-0.14.8-py3-none-musllinux_1_2_armv7l.whl", hash = "sha256:f74f7ba163b6e85a8d81a590363bf71618847e5078d90827749bfda1d88c9cdf", size = 13205158, upload-time = "2025-12-04T15:06:54.574Z" },
    { url = "https://files.pythonhosted.org/packages/06/63/54f23da1315c0b3dfc1bc03fbc34e10378918a20c0b0f086418734e57e74/ruff-0.14.8-py3-none-musllinux_1_2_i686.whl", hash = "sha256:eed28f6fafcc9591994c42254f5a5c5ca40e69a30721d2ab18bb0bb3baac3ab6", size = 13469550, upload-time = "2025-12-04T15:05:59.209Z" },
    { url = "https://files.pythonhosted.org/packages/70/7d/a4d7b1961e4903bc37fffb7ddcfaa7beb250f67d97cfd1ee1d5cddb1ec90/ruff-0.14.8-py3-none-musllinux_1_2_x86_64.whl", hash = "sha256:21d48fa744c9d1cb8d71eb0a740c4dd02751a5de9db9a730a8ef75ca34cf138e", size = 14211332, upload-time = "2025-12-04T15:06:06.027Z" },
    { url = "https://files.pythonhosted.org/packages/5d/93/2a5063341fa17054e5c86582136e9895db773e3c2ffb770dde50a09f35f0/ruff-0.14.8-py3-none-win32.whl", hash = "sha256:15f04cb45c051159baebb0f0037f404f1dc2f15a927418f29730f411a79bc4e7", size = 13151890, upload-time = "2025-12-04T15:06:11.668Z" },
    { url = "https://files.pythonhosted.org/packages/02/1c/65c61a0859c0add13a3e1cbb6024b42de587456a43006ca2d4fd3d1618fe/ruff-0.14.8-py3-none-win_amd64.whl", hash = "sha256:9eeb0b24242b5bbff3011409a739929f497f3fb5fe3b5698aba5e77e8c833097", size = 14537826, upload-time = "2025-12-04T15:06:26.409Z" },
    { url = "https://files.pythonhosted.org/packages/6d/63/8b41cea3afd7f58eb64ac9251668ee0073789a3bc9ac6f816c8c6fef986d/ruff-0.14.8-py3-none-win_arm64.whl", hash = "sha256:965a582c93c63fe715fd3e3f8aa37c4b776777203d8e1d8aa3cc0c14424a4b99", size = 13634522, upload-time = "2025-12-04T15:06:43.212Z" },
]

[[package]]
name = "ty"
version = "0.0.75"
source = { registry = "https://pypi.org/simple" }
sdist = { url = "https://files.pythonhosted.org/packages/81/d0/d0c96f898d6974a4a3569ab3efdf9512c04ad99f9203effb55f72497fe97/ty-0.0.75.tar.gz", hash = "sha256:4c5eead33dfbf6e2ebb4f400f74b51ffc9bab702a6f23ddb648a1cbb740387e3", size = 6868326, upload-time = "2026-08-26T20:23:40.399Z" }
wheels = [
    { url = "https://files.pythonhosted.org/packages/cb/6c/b12d03505f17581f0cfa3c12273fe34c1d67b36dfda1bc561a6bdc16512b/ty-0.0.75-py3-none-linux_armv6l.whl", hash = "sha256:e5409f50db2246fd4bd039d93d261e0cfa1daa554a4fb77256f91072c570349a", size = 12972606, upload-time = "2026-08-26T20:22:59.716Z" },
    { url = "https://files.pythonhosted.org/packages/d1/aa/30f11eecd9215a9f87e8fe8baaf48f3ce905f5d75b8e4aac70f0091f130c/ty-0.0.75-py3-none-macosx_10_12_x86_64.whl", hash = "sha256:5e7b8b3472fb9bb2eeab314984b265df08a7a9d518867a9e6020eebc06570be2", size = 12527158, upload-time = "2026-08-26T20:23:02.767Z" },
    { url = "https://files.pythonhosted.org/packages/f2/11/7fd7001b0b5c6610bfbad7357e47d5fe6f82d4e84e94c53776a478f5e9f8/ty-0.0.75-py3-none-macosx_11_0_arm64.whl", hash = "sha256:c6ccf34169821fe0d23e3360deeef981d217963412f1d087b9bdd32ec57f7a57", size = 12400533, upload-time = "2026-08-26T20:23:04.965Z" },
    { url = "https://files.pythonhosted.org/packages/fd/7f/1e284ea3d348d7be02f12d83bc22ed9ef193033f863f05b64db99027f141/ty-0.0.75-py3-none-manylinux_2_17_aarch64.manylinux2014_aarch64.whl", hash = "sha256:842ebb41e9c6c334b40768704e20b1a69d5c6b08805b289d5e0e2565f49f2de1", size = 12420592, upload-time = "2026-08-26T20:23:07.427Z" },
    { url = "https://files.pythonhosted.org/packages/2d/ab/d813271543370c47fd74b5118f2066ab32b0983e907b1821f3f9a6d0fa7f/ty-0.0.75-py3-none-manylinux_2_17_armv7l.manylinux2014_armv7l.whl", hash = "sha256:cf7a5a723c5f1e0fab4ffbfe9bd95123a526ed48f206e5f25cb2161ca294007a", size = 12739219, upload-time = "2026-08-26T20:23:09.809Z" },
    { url = "https://files.pythonhosted.org/packages/31/5b/95b49cc5570fd92a7bf63732f649b31906158721e03c7fcb1b5be74ee3bf/ty-0.0.75-py3-none-manylinux_2_17_i686.manylinux2014_i686.whl", hash = "sha256:54382f98e5da292fcd7104391afef5105c35bb2f312e29bea6f5fa419935255c", size = 13494046, upload-time = "2026-08-26T20:23:12.191Z" },
    { url = "https://files.pythonhosted.org/packages/2c/0d/502d2dd68173cf020e1ad2bdbab9544c86776de0b0e2ed15f8c2fe006e3d/ty-0.0.75-py3-none-manylinux_2_17_ppc64le.manylinux2014_ppc64le.whl", hash = "sha256:ac13b180dc2aade2cd243f56b01650e78bf091a2e522ad3bc947245d7837c613", size = 13938899, upload-time = "2026-08-26T20:23:14.764Z" },
    { url = "https://files.pythonhosted.org/packages/20/5b/f3b12a25c07224456219fc2bd20db0ad7e40b304be0ff6aad728da0135f9/ty-0.0.75-py3-none-manylinux_2_17_s390x.manylinux2014_s390x.whl", hash = "sha256:752df7951a443219d7f1ff817e3723c85d428565ff449e08a7a93ba821661526", size = 13656711, upload-time = "2026-08-26T20:23:17.145Z" },
    { url = "https://files.pythonhosted.org/packages/51/7b/f090ad306e2b15a07b332d647138c5264b89d9758855ecce8b8a10bcb153/ty-0.0.75-py3-none-manylinux_2_17_x86_64.manylinux2014_x86_64.whl", hash = "sha256:1fd399feedf7cee816563c1baec45fc1c0b3c89f1ea42364920b688004b5b7da", size = 13093499, upload-time = "2026-08-26T20:23:19.489Z" },
    { url = "https://files.pythonhosted.org/packages/f1/4b/f69b99aaaca0c7c65d5f114b186b26b21666f767b0c69eec99a2bdccc061/ty-0.0.75-py3-none-manylinux_2_31_riscv64.whl", hash = "sha256:d7625f6f56c7dc1e873579fdc9e432a0e21e302afe847ab60704d2303442a92e", size = 13520580, upload-time = "2026-08-26T20:23:21.789Z" },
    { url = "https://files.pythonhosted.org/packages/b6/e7/692c5f905c0345a15d2255fc74066d660f030254ae8dcdaf33f5a5c2f279/ty-0.0.75-py3-none-musllinux_1_2_aarch64.whl", hash = "sha256:89e7d527e95a2534b70cae29e94c104b84082760ea05927d23bb87280969c104", size = 12524095, upload-time = "2026-08-26T20:23:24.026Z" },
    { url = "https://files.pythonhosted.org/packages/ba/9a/f42b12cf265ea95344bf554764c4791cfb273bdd628aadd7c209af7cadc3/ty-0.0.75-py3-none-musllinux_1_2_armv7l.whl", hash = "sha256:0843f134440740706e01bee5f88f4cfc10e9b018bddb9e4ef4c12dc9fc0c9aef", size = 12756591, upload-time = "2026-08-26T20:23:26.126Z" },
    { url = "https://files.pythonhosted.org/packages/7c/5e/9b180c133cb9cce48179a7d2bf9e1802d992aa8176a918e0e05205760b42/ty-0.0.75-py3-none-musllinux_1_2_i686.whl", hash = "sha256:1bd0ec0e50ee1376875c88891efe6f549c3560fa5b2ddad79a425cd5a6218b9c", size = 12998754, upload-time = "2026-08-26T20:23:28.353Z" },
    { url = "https://files.pythonhosted.org/packages/39/f6/3c6ef5dd550103e29905121c67fb96a374564f31a2f44c6faa1af98c2d61/ty-0.0.75-py3-none-musllinux_1_2_x86_64.whl", hash = "sha256:1f9eafd561f90110d5e29f589ec3e956c4686e2f6631348d99276436f5cbe4d1", size = 13316474, upload-time = "2026-08-26T20:23:30.857Z" },
    { url = "https://files.pythonhosted.org/packages/bb/52/12776337874c821076bd5368e352ccd9e67174790abe3b856f749cb3524b/ty-0.0.75-py3-none-win32.whl", hash = "sha256:05063a6fafe2154b794a7f964515d148e51acd186d72d4a3acd347ee9fa19336", size = 12316315, upload-time = "2026-08-26T20:23:33.528Z" },
    { url = "https://files.pythonhosted.org/packages/53/e6/bb51e16af5c7138c9f52f8f3d0a401a371c6798d092e3b74926f186a9814/ty-0.0.75-py3-none-win_amd64.whl", hash = "sha256:81cf1ba5f6b7536ad56747865214255d9bc8e80533a689dbb9ddeaad464b09f1", size = 12917267, upload-time = "2026-08-26T20:23:35.978Z" },
    { url = "https://files.pythonhosted.org/packages/39/73/4542f829107468b5de4231af67f29927c093bfad11f3c1e5b2c08fb1206b/ty-0.0.75-py3-none-win_arm64.whl", hash = "sha256:541c9af5b7a0ad23d15ec315a7da81150833c359f48124ed3789ff25eacd6f42", size = 12711024, upload-time = "2026-08-26T20:23:38.159Z" },
]

[[package]]
name = "z3-solver"
version = "4.15.4.0"
source = { registry = "https://pypi.org/simple" }
sdist = { url = "https://files.pythonhosted.org/packages/8a/8e/0c8f17309549d2e5cde9a3ccefa6365437f1e7bafe71878eaf9478e47b18/z3_solver-4.15.4.0.tar.gz", hash = "sha256:928c29b58c4eb62106da51c1914f6a4a55d0441f8f48a81b9da07950434a8946", size = 5018600, upload-time = "2025-10-29T18:12:03.062Z" }
wheels = [
    { url = "https://files.pythonhosted.org/packages/63/33/a3d5d2eaeb0f7b3174d57d405437eabb2075d4d50bd9ea0957696c435c7b/z3_solver-4.15.4.0-py3-none-macosx_13_0_arm64.whl", hash = "sha256:407e825cc9211f95ef46bdc8d151bf630e7ab2d62a21d24cd74c09cc5b73f3aa", size = 37052538, upload-time = "2025-10-29T18:11:46.233Z" },
    { url = "https://files.pythonhosted.org/packages/47/84/fd7ffac1551cd9f8d44fe41358f738be670fc4c24dfd514fab503f2cf3e7/z3_solver-4.15.4.0-py3-none-macosx_13_0_x86_64.whl", hash = "sha256:00bd10c5a6a5f6112d3a9a810d0799227e52f76caa860dafa5e00966bb47eb13", size = 39807925, upload-time = "2025-10-29T18:11:49.81Z" },
    { url = "https://files.pythonhosted.org/packages/21/c9/bb51a96af0091324c81b803f16c49f719f9f6ea0b0bb52200f5c97ec4892/z3_solver-4.15.4.0-py3-none-manylinux_2_17_x86_64.manylinux2014_x86_64.whl", hash = "sha256:7e103a6f203f505b8b8b8e5c931cc407c95b61556512d4921c1ddc0b3f41b08e", size = 29268352, upload-time = "2025-10-29T18:11:53.032Z" },
    { url = "https://files.pythonhosted.org/packages/bf/2e/0b49f7e4e53817cfb09a0f6585012b782dfe0b666e8abefcb4fac0570606/z3_solver-4.15.4.0-py3-none-manylinux_2_34_aarch64.whl", hash = "sha256:62c7e9cbdd711932301f29919ad9158de9b2f58b4d281dd259bbcd0a2f408ba1", size = 27226534, upload-time = "2025-10-29T18:11:55.59Z" },
    { url = "https://files.pythonhosted.org/packages/26/91/33de49538444d4aafbe47415c450c2f9abab1733e1226f276b496672f46c/z3_solver-4.15.4.0-py3-none-win32.whl", hash = "sha256:be3bc916545c96ffbf89e00d07104ff14f78336e55db069177a1bfbcc01b269d", size = 13191672, upload-time = "2025-10-29T18:11:58.424Z" },
    { url = "https://files.pythonhosted.org/packages/03/d6/a0b135e4419df475177ae78fc93c422430b0fd8875649486f9a5989772e6/z3_solver-4.15.4.0-py3-none-win_amd64.whl", hash = "sha256:00e35b02632ed085ea8199fb230f6015e6fc40554a6680c097bd5f060e827431", size = 16259597, upload-time = "2025-10-29T18:12:01.14Z" },
]
